
Microsoft Visual Studio Solution File, Format Version 12.00
# Visual Studio Version 16
VisualStudioVersion = 16.0.29613.14
MinimumVisualStudioVersion = 10.0.40219.1
Project("{FAE04EC0-301F-11D3-BF4B-00C04F79EFBC}") = "zadanie1", "zadanie1.csproj", "{808C781D-272E-4E1F-851B-F31E266BF4BC}"
EndProject
Global
	GlobalSection(SolutionConfigurationPlatforms) = preSolution
		Debug|Any CPU = Debug|Any CPU
		Release|Any CPU = Release|Any CPU
	EndGlobalSection
	GlobalSection(ProjectConfigurationPlatforms) = postSolution
		{808C781D-272E-4E1F-851B-F31E266BF4BC}.Debug|Any CPU.ActiveCfg = Debug|Any CPU
		{808C781D-272E-4E1F-851B-F31E266BF4BC}.Debug|Any CPU.Build.0 = Debug|Any CPU
		{808C781D-272E-4E1F-851B-F31E266BF4BC}.Release|Any CPU.ActiveCfg = Release|Any CPU
		{808C781D-272E-4E1F-851B-F31E266BF4BC}.Release|Any CPU.Build.0 = Release|Any CPU
	EndGlobalSection
	GlobalSection(SolutionProperties) = preSolution
		HideSolutionNode = FALSE
	EndGlobalSection
	GlobalSection(ExtensibilityGlobals) = postSolution
		SolutionGuid = {287AB209-EF77-49DF-8681-6107FD23EBCA}
	EndGlobalSection
EndGlobal
